
Microsoft Visual Studio Solution File, Format Version 12.00
# Visual Studio Version 16
VisualStudioVersion = 16.0.29806.167
MinimumVisualStudioVersion = 10.0.40219.1
Project("{2150E333-8FDC-42A3-9474-1A3956D46DE8}") = "0 - Apresentacao", "0 - Apresentacao", "{C72EA0BF-A7FE-4DC7-82C2-93515142692E}"
EndProject
Project("{2150E333-8FDC-42A3-9474-1A3956D46DE8}") = "1 - Dominio", "1 - Dominio", "{B3775517-1ABB-403B-A0B3-97D8252B12E3}"
EndProject
Project("{2150E333-8FDC-42A3-9474-1A3956D46DE8}") = "2 - Servico", "2 - Servico", "{884B0B68-A8A4-484B-B16D-687243EAE08D}"
EndProject
Project("{2150E333-8FDC-42A3-9474-1A3956D46DE8}") = "3 - Infraestrutura", "3 - Infraestrutura", "{EDDE0BC6-AE47-41BF-86D8-ABDD9AFB4FB9}"
EndProject
Project("{2150E333-8FDC-42A3-9474-1A3956D46DE8}") = "4 - Comum", "4 - Comum", "{6E16E6AB-73B8-4C27-82D3-38240B19CC58}"
EndProject
Project("{9A19103F-16F7-4668-BE54-9A1E7A4F7556}") = "AnBertoCars.ConsoleApp", "AnBerto-Cars.ConsoleApp\AnBertoCars.ConsoleApp.csproj", "{CEFEB690-6BED-46D8-B9F9-60F5375A88E2}"
EndProject
Project("{9A19103F-16F7-4668-BE54-9A1E7A4F7556}") = "AnBertoCars.Data", "AnBerto-Cars.Data\AnBertoCars.Data.csproj", "{1EA4AA93-9877-47BA-97EA-6B5B367B0F10}"
EndProject
Project("{9A19103F-16F7-4668-BE54-9A1E7A4F7556}") = "AnBertoCars.Dominio", "AnBertoCars.Dominio\AnBertoCars.Dominio.csproj", "{D826B41F-9799-4C78-A34C-F022FD3B8636}"
EndProject
Project("{9A19103F-16F7-4668-BE54-9A1E7A4F7556}") = "AnBertoCars.Comum", "AnBertoCars.Comum\AnBertoCars.Comum.csproj", "{86394B6F-88A6-4DB5-BB4F-ED1C24B1DBAE}"
EndProject
Project("{FAE04EC0-301F-11D3-BF4B-00C04F79EFBC}") = "AnBertoCars.Servico", "AnBertoCars.Servico\AnBertoCars.Servico.csproj", "{81F8144A-3F0B-436D-A000-F25159DFC6F7}"
EndProject
Project("{FAE04EC0-301F-11D3-BF4B-00C04F79EFBC}") = "AnBertoCars.WebAPI", "AnBertoCars.WebAPI\AnBertoCars.WebAPI.csproj", "{17343A29-2EE9-4836-BA7A-F5645C772F7B}"
EndProject
Global
	GlobalSection(SolutionConfigurationPlatforms) = preSolution
		Debug|Any CPU = Debug|Any CPU
		Release|Any CPU = Release|Any CPU
	EndGlobalSection
	GlobalSection(ProjectConfigurationPlatforms) = postSolution
		{CEFEB690-6BED-46D8-B9F9-60F5375A88E2}.Debug|Any CPU.ActiveCfg = Debug|Any CPU
		{CEFEB690-6BED-46D8-B9F9-60F5375A88E2}.Debug|Any CPU.Build.0 = Debug|Any CPU
		{CEFEB690-6BED-46D8-B9F9-60F5375A88E2}.Release|Any CPU.ActiveCfg = Release|Any CPU
		{CEFEB690-6BED-46D8-B9F9-60F5375A88E2}.Release|Any CPU.Build.0 = Release|Any CPU
		{1EA4AA93-9877-47BA-97EA-6B5B367B0F10}.Debug|Any CPU.ActiveCfg = Debug|Any CPU
		{1EA4AA93-9877-47BA-97EA-6B5B367B0F10}.Debug|Any CPU.Build.0 = Debug|Any CPU
		{1EA4AA93-9877-47BA-97EA-6B5B367B0F10}.Release|Any CPU.ActiveCfg = Release|Any CPU
		{1EA4AA93-9877-47BA-97EA-6B5B367B0F10}.Release|Any CPU.Build.0 = Release|Any CPU
		{D826B41F-9799-4C78-A34C-F022FD3B8636}.Debug|Any CPU.ActiveCfg = Debug|Any CPU
		{D826B41F-9799-4C78-A34C-F022FD3B8636}.Debug|Any CPU.Build.0 = Debug|Any CPU
		{D826B41F-9799-4C78-A34C-F022FD3B8636}.Release|Any CPU.ActiveCfg = Release|Any CPU
		{D826B41F-9799-4C78-A34C-F022FD3B8636}.Release|Any CPU.Build.0 = Release|Any CPU
		{86394B6F-88A6-4DB5-BB4F-ED1C24B1DBAE}.Debug|Any CPU.ActiveCfg = Debug|Any CPU
		{86394B6F-88A6-4DB5-BB4F-ED1C24B1DBAE}.Debug|Any CPU.Build.0 = Debug|Any CPU
		{86394B6F-88A6-4DB5-BB4F-ED1C24B1DBAE}.Release|Any CPU.ActiveCfg = Release|Any CPU
		{86394B6F-88A6-4DB5-BB4F-ED1C24B1DBAE}.Release|Any CPU.Build.0 = Release|Any CPU
		{81F8144A-3F0B-436D-A000-F25159DFC6F7}.Debug|Any CPU.ActiveCfg = Debug|Any CPU
		{81F8144A-3F0B-436D-A000-F25159DFC6F7}.Debug|Any CPU.Build.0 = Debug|Any CPU
		{81F8144A-3F0B-436D-A000-F25159DFC6F7}.Release|Any CPU.ActiveCfg = Release|Any CPU
		{81F8144A-3F0B-436D-A000-F25159DFC6F7}.Release|Any CPU.Build.0 = Release|Any CPU
		{17343A29-2EE9-4836-BA7A-F5645C772F7B}.Debug|Any CPU.ActiveCfg = Debug|Any CPU
		{17343A29-2EE9-4836-BA7A-F5645C772F7B}.Debug|Any CPU.Build.0 = Debug|Any CPU
		{17343A29-2EE9-4836-BA7A-F5645C772F7B}.Release|Any CPU.ActiveCfg = Release|Any CPU
		{17343A29-2EE9-4836-BA7A-F5645C772F7B}.Release|Any CPU.Build.0 = Release|Any CPU
	EndGlobalSection
	GlobalSection(SolutionProperties) = preSolution
		HideSolutionNode = FALSE
	EndGlobalSection
	GlobalSection(NestedProjects) = preSolution
		{CEFEB690-6BED-46D8-B9F9-60F5375A88E2} = {C72EA0BF-A7FE-4DC7-82C2-93515142692E}
		{1EA4AA93-9877-47BA-97EA-6B5B367B0F10} = {EDDE0BC6-AE47-41BF-86D8-ABDD9AFB4FB9}
		{D826B41F-9799-4C78-A34C-F022FD3B8636} = {B3775517-1ABB-403B-A0B3-97D8252B12E3}
		{86394B6F-88A6-4DB5-BB4F-ED1C24B1DBAE} = {6E16E6AB-73B8-4C27-82D3-38240B19CC58}
		{81F8144A-3F0B-436D-A000-F25159DFC6F7} = {884B0B68-A8A4-484B-B16D-687243EAE08D}
		{17343A29-2EE9-4836-BA7A-F5645C772F7B} = {C72EA0BF-A7FE-4DC7-82C2-93515142692E}
	EndGlobalSection
	GlobalSection(ExtensibilityGlobals) = postSolution
		SolutionGuid = {1CB45124-CFFE-4B1D-9C44-AD065B475318}
	EndGlobalSection
EndGlobal
